{
	"name": "@seagull/deploy",
	"version": "1.7.0",
	"lockfileVersion": 1,
	"requires": true,
	"dependencies": {
		"aws-sdk": {
			"version": "2.394.0",
			"resolved": "https://registry.npmjs.org/aws-sdk/-/aws-sdk-2.394.0.tgz",
			"integrity": "sha512-Vn9BsY7gkmVcJAvhKfRi9ukxNiHiJfThwkrXCNCm3aPc4NH5wcc0ZjXvYuAqx7OzAyYn3xrEFMMVV0aqFuxxmw==",
			"requires": {
				"buffer": "4.9.1",
				"events": "1.1.1",
				"ieee754": "1.1.8",
				"jmespath": "0.15.0",
				"querystring": "0.2.0",
				"sax": "1.2.1",
				"url": "0.10.3",
				"uuid": "3.3.2",
				"xml2js": "0.4.19"
			},
			"dependencies": {
				"base64-js": {
					"version": "1.3.0",
					"resolved": "https://registry.npmjs.org/base64-js/-/base64-js-1.3.0.tgz",
					"integrity": "sha512-ccav/yGvoa80BQDljCxsmmQ3Xvx60/UpBIij5QN21W3wBi/hhIC9OoO+KLpu9IJTS9j4DRVJ3aDDF9cMSoa2lw=="
				},
				"buffer": {
					"version": "4.9.1",
					"resolved": "https://registry.npmjs.org/buffer/-/buffer-4.9.1.tgz",
					"integrity": "sha1-bRu2AbB6TvztlwlBMgkwJ8lbwpg=",
					"requires": {
						"base64-js": "1.3.0",
						"ieee754": "1.1.8",
						"isarray": "1.0.0"
					}
				},
				"events": {
					"version": "1.1.1",
					"resolved": "https://registry.npmjs.org/events/-/events-1.1.1.tgz",
					"integrity": "sha1-nr23Y1rQmccNzEwqH1AEKI6L2SQ="
				},
				"ieee754": {
					"version": "1.1.8",
					"resolved": "https://registry.npmjs.org/ieee754/-/ieee754-1.1.8.tgz",
					"integrity": "sha1-vjPUCsEO8ZJnAfbwii2G+/0a0+Q="
				},
				"isarray": {
					"version": "1.0.0",
					"resolved": "https://registry.npmjs.org/isarray/-/isarray-1.0.0.tgz",
					"integrity": "sha1-u5NdSFgsuhaMBoNJV6VKPgcSTxE="
				},
				"jmespath": {
					"version": "0.15.0",
					"resolved": "https://registry.npmjs.org/jmespath/-/jmespath-0.15.0.tgz",
					"integrity": "sha1-o/Iiqarp+Wb10nx5ZRDigJF2Qhc="
				},
				"punycode": {
					"version": "1.3.2",
					"resolved": "https://registry.npmjs.org/punycode/-/punycode-1.3.2.tgz",
					"integrity": "sha1-llOgNvt8HuQjQvIyXM7v6jkmxI0="
				},
				"querystring": {
					"version": "0.2.0",
					"resolved": "https://registry.npmjs.org/querystring/-/querystring-0.2.0.tgz",
					"integrity": "sha1-sgmEkgO7Jd+CDadW50cAWHhSFiA="
				},
				"sax": {
					"version": "1.2.1",
					"resolved": "https://registry.npmjs.org/sax/-/sax-1.2.1.tgz",
					"integrity": "sha1-e45lYZCyKOgaZq6nSEgNgozS03o="
				},
				"url": {
					"version": "0.10.3",
					"resolved": "https://registry.npmjs.org/url/-/url-0.10.3.tgz",
					"integrity": "sha1-Ah5NnHcF8hu/N9A861h2dAJ3TGQ=",
					"requires": {
						"punycode": "1.3.2",
						"querystring": "0.2.0"
					}
				},
				"uuid": {
					"version": "3.3.2",
					"resolved": "https://registry.npmjs.org/uuid/-/uuid-3.3.2.tgz",
					"integrity": "sha512-yXJmeNaw3DnnKAOKJE51sL/ZaYfWJRl1pK9dr19YFCu0ObS231AB1/LbqTKRAQ5kw8A90rA6fr4riOUpTZvQZA=="
				},
				"xml2js": {
					"version": "0.4.19",
					"resolved": "https://registry.npmjs.org/xml2js/-/xml2js-0.4.19.tgz",
					"integrity": "sha512-esZnJZJOiJR9wWKMyuvSE1y6Dq5LCuJanqhxslH2bxM6duahNZ+HMpCLhBQGZkbX6xRf8x1Y2eJlgt2q3qo49Q==",
					"requires": {
						"sax": "1.2.1",
						"xmlbuilder": "9.0.7"
					}
				},
				"xmlbuilder": {
					"version": "9.0.7",
					"resolved": "https://registry.npmjs.org/xmlbuilder/-/xmlbuilder-9.0.7.tgz",
					"integrity": "sha1-Ey7mPS7FVlxVfiD0wi35rKaGsQ0="
				}
			}
		},
		"aws-sdk-mock": {
			"version": "4.3.0",
			"resolved": "https://registry.npmjs.org/aws-sdk-mock/-/aws-sdk-mock-4.3.0.tgz",
			"integrity": "sha512-YzLDUv4KnCiCFtuLN6lyir9Xoqticg7nJCyW8krqob6UO2xLWZWE0gkEhoVZyOZSB+g0YIGSeDKmBLJTAYOblw==",
			"dev": true,
			"requires": {
				"aws-sdk": "2.394.0",
				"sinon": "7.2.3",
				"traverse": "0.6.6"
			},
			"dependencies": {
				"@sinonjs/commons": {
					"version": "1.3.0",
					"resolved": "https://registry.npmjs.org/@sinonjs/commons/-/commons-1.3.0.tgz",
					"integrity": "sha512-j4ZwhaHmwsCb4DlDOIWnI5YyKDNMoNThsmwEpfHx6a1EpsGZ9qYLxP++LMlmBRjtGptGHFsGItJ768snllFWpA==",
					"dev": true,
					"requires": {
						"type-detect": "4.0.8"
					}
				},
				"@sinonjs/formatio": {
					"version": "3.1.0",
					"resolved": "https://registry.npmjs.org/@sinonjs/formatio/-/formatio-3.1.0.tgz",
					"integrity": "sha512-ZAR2bPHOl4Xg6eklUGpsdiIJ4+J1SNag1DHHrG/73Uz/nVwXqjgUtRPLoS+aVyieN9cSbc0E4LsU984tWcDyNg==",
					"dev": true,
					"requires": {
						"@sinonjs/samsam": "3.0.2"
					}
				},
				"@sinonjs/samsam": {
					"version": "3.0.2",
					"resolved": "https://registry.npmjs.org/@sinonjs/samsam/-/samsam-3.0.2.tgz",
					"integrity": "sha512-m08g4CS3J6lwRQk1pj1EO+KEVWbrbXsmi9Pw0ySmrIbcVxVaedoFgLvFsV8wHLwh01EpROVz3KvVcD1Jmks9FQ==",
					"dev": true,
					"requires": {
						"@sinonjs/commons": "1.3.0",
						"array-from": "2.1.1",
						"lodash.get": "4.4.2"
					}
				},
				"array-from": {
					"version": "2.1.1",
					"resolved": "https://registry.npmjs.org/array-from/-/array-from-2.1.1.tgz",
					"integrity": "sha1-z+nYwmYoudxa7MYqn12PHzUsEZU=",
					"dev": true
				},
				"diff": {
					"version": "3.5.0",
					"resolved": "https://registry.npmjs.org/diff/-/diff-3.5.0.tgz",
					"integrity": "sha512-A46qtFgd+g7pDZinpnwiRJtxbC1hpgf0uzP3iG89scHk0AUC7A1TGxf5OiiOUv/JMZR8GOt8hL900hV0bOy5xA==",
					"dev": true
				},
				"has-flag": {
					"version": "3.0.0",
					"resolved": "https://registry.npmjs.org/has-flag/-/has-flag-3.0.0.tgz",
					"integrity": "sha1-tdRU3CGZriJWmfNGfloH87lVuv0=",
					"dev": true
				},
				"isarray": {
					"version": "0.0.1",
					"resolved": "https://registry.npmjs.org/isarray/-/isarray-0.0.1.tgz",
					"integrity": "sha1-ihis/Kmo9Bd+Cav8YDiTmwXR7t8=",
					"dev": true
				},
				"just-extend": {
					"version": "4.0.2",
					"resolved": "https://registry.npmjs.org/just-extend/-/just-extend-4.0.2.tgz",
					"integrity": "sha512-FrLwOgm+iXrPV+5zDU6Jqu4gCRXbWEQg2O3SKONsWE4w7AXFRkryS53bpWdaL9cNol+AmR3AEYz6kn+o0fCPnw==",
					"dev": true
				},
				"lodash.get": {
					"version": "4.4.2",
					"resolved": "https://registry.npmjs.org/lodash.get/-/lodash.get-4.4.2.tgz",
					"integrity": "sha1-LRd/ZS+jHpObRDjVNBSZ36OCXpk=",
					"dev": true
				},
				"lolex": {
					"version": "3.0.0",
					"resolved": "https://registry.npmjs.org/lolex/-/lolex-3.0.0.tgz",
					"integrity": "sha512-hcnW80h3j2lbUfFdMArd5UPA/vxZJ+G8vobd+wg3nVEQA0EigStbYcrG030FJxL6xiDDPEkoMatV9xIh5OecQQ==",
					"dev": true
				},
				"nise": {
					"version": "1.4.8",
					"resolved": "https://registry.npmjs.org/nise/-/nise-1.4.8.tgz",
					"integrity": "sha512-kGASVhuL4tlAV0tvA34yJYZIVihrUt/5bDwpp4tTluigxUr2bBlJeDXmivb6NuEdFkqvdv/Ybb9dm16PSKUhtw==",
					"dev": true,
					"requires": {
						"@sinonjs/formatio": "3.1.0",
						"just-extend": "4.0.2",
						"lolex": "2.7.5",
						"path-to-regexp": "1.7.0",
						"text-encoding": "0.6.4"
					},
					"dependencies": {
						"lolex": {
							"version": "2.7.5",
							"resolved": "https://registry.npmjs.org/lolex/-/lolex-2.7.5.tgz",
							"integrity": "sha512-l9x0+1offnKKIzYVjyXU2SiwhXDLekRzKyhnbyldPHvC7BvLPVpdNUNR2KeMAiCN2D/kLNttZgQD5WjSxuBx3Q==",
							"dev": true
						}
					}
				},
				"path-to-regexp": {
					"version": "1.7.0",
					"resolved": "https://registry.npmjs.org/path-to-regexp/-/path-to-regexp-1.7.0.tgz",
					"integrity": "sha1-Wf3g9DW62suhA6hOnTvGTpa5k30=",
					"dev": true,
					"requires": {
						"isarray": "0.0.1"
					}
				},
				"sinon": {
					"version": "7.2.3",
					"resolved": "https://registry.npmjs.org/sinon/-/sinon-7.2.3.tgz",
					"integrity": "sha512-i6j7sqcLEqTYqUcMV327waI745VASvYuSuQMCjbAwlpAeuCgKZ3LtrjDxAbu+GjNQR0FEDpywtwGCIh8GicNyg==",
					"dev": true,
					"requires": {
						"@sinonjs/commons": "1.3.0",
						"@sinonjs/formatio": "3.1.0",
						"@sinonjs/samsam": "3.0.2",
						"diff": "3.5.0",
						"lolex": "3.0.0",
						"nise": "1.4.8",
						"supports-color": "5.5.0"
					}
				},
				"supports-color": {
					"version": "5.5.0",
					"resolved": "https://registry.npmjs.org/supports-color/-/supports-color-5.5.0.tgz",
					"integrity": "sha512-QjVjwdXIt408MIiAqCX4oUKsgU2EqAGzs2Ppkm4aQYbjm+ZEWEcW4SfFNTr4uMNZma0ey4f5lgLrkB0aX0QMow==",
					"dev": true,
					"requires": {
						"has-flag": "3.0.0"
					}
				},
				"text-encoding": {
					"version": "0.6.4",
					"resolved": "https://registry.npmjs.org/text-encoding/-/text-encoding-0.6.4.tgz",
					"integrity": "sha1-45mpgiV6J22uQou5KEXLcb3CbRk=",
					"dev": true
				},
				"traverse": {
					"version": "0.6.6",
					"resolved": "https://registry.npmjs.org/traverse/-/traverse-0.6.6.tgz",
					"integrity": "sha1-y99WD9e5r2MlAv7UD5GMFX6pcTc=",
					"dev": true
				},
				"type-detect": {
					"version": "4.0.8",
					"resolved": "https://registry.npmjs.org/type-detect/-/type-detect-4.0.8.tgz",
					"integrity": "sha512-0fr/mIH1dlO+x7TlcMy+bIDqKPsw/70tVyeHW787goQjhmqaZe10uwLujubK9q9Lg6Fiho1KUKDYz0Z7k7g5/g==",
					"dev": true
				}
			}
		}
	}
}
