{
	"name": "@seagull/pages",
	"version": "2.2.2",
	"lockfileVersion": 1,
	"requires": true,
	"dependencies": {
		"typestyle": {
			"version": "2.0.1",
			"resolved": "https://registry.npmjs.org/typestyle/-/typestyle-2.0.1.tgz",
			"integrity": "sha512-3Mv5ZZbYJ3y3G6rX3iRLrgYibAlafK2nsc9VlTsYcEaK8w+9vtNDx0T2TJsznI5FIh+WoBnjJ5F0/26WaGRxXQ==",
			"requires": {
				"csstype": "^2.4.0",
				"free-style": "2.5.1"
			},
			"dependencies": {
				"csstype": {
					"version": "2.6.3",
					"resolved": "https://registry.npmjs.org/csstype/-/csstype-2.6.3.tgz",
					"integrity": "sha512-rINUZXOkcBmoHWEyu7JdHu5JMzkGRoMX4ov9830WNgxf5UYxcBUO0QTKAqeJ5EZfSdlrcJYkC8WwfVW7JYi4yg=="
				},
				"free-style": {
					"version": "2.5.1",
					"resolved": "https://registry.npmjs.org/free-style/-/free-style-2.5.1.tgz",
					"integrity": "sha512-X7dtUSTrlS1KRQBtiQ618NWIRDdRgD91IeajKCSh0fgTqArSixv+n3ea6F/OSvrvg14tPLR+yCq2s+O602+pRw=="
				}
			}
		}
	}
}
