{
    "name": "@seagull/libraries",
    "version": "0.20.0",
    "lockfileVersion": 1,
    "requires": true,
    "dependencies": {
        "@seagull/tslint": {
            "version": "0.20.0",
            "dev": true,
            "requires": {
                "tslint-config-prettier": "1.15.0"
            },
            "dependencies": {
                "tslint-config-prettier": {
                    "version": "1.15.0",
                    "bundled": true,
                    "dev": true
                }
            }
        },
        "@types/lodash": {
            "version": "4.14.117",
            "resolved": "http://urconc11.aida.de:8082/@types/lodash/-/lodash-4.14.117/695a7f514182771a1e0f4345d189052ee33c8778.tgz",
            "integrity": "sha512-xyf2m6tRbz8qQKcxYZa7PA4SllYcay+eh25DN3jmNYY6gSTL7Htc/bttVdkqj2wfJGbeWlQiX8pIyJpKU+tubw==",
            "dev": true
        },
        "lodash": {
            "version": "4.17.11",
            "resolved": "http://urconc11.aida.de:8082/lodash/-/lodash-4.17.11/b39ea6229ef607ecd89e2c8df12536891cac9b8d.tgz",
            "integrity": "sha512-cQKh8igo5QUhZ7lg38DYWAxMvjSAKG0A8wGSVimP07SIUEK2UO+arSRKbRZWtelMtN5V0Hkwh5ryOto/SshYIg=="
        }
    }
}
