{
	"name": "helloworld",
	"version": "1.0.4",
	"lockfileVersion": 1,
	"requires": true,
	"dependencies": {
		"@types/node": {
			"version": "10.12.3",
			"resolved": "https://registry.npmjs.org/@types/node/-/node-10.12.3.tgz",
			"integrity": "sha512-sfGmOtSMSbQ/AKG8V9xD1gmjquC9awIIZ/Kj309pHb2n3bcRAcGMQv5nJ6gCXZVsneGE4+ve8DXKRCsrg3TFzg==",
			"dev": true
		}
	}
}
