{
  "name": "@seagull/commands-http",
  "version": "0.1.0",
  "lockfileVersion": 1,
  "requires": true,
  "dependencies": {
    "@types/node": {
      "version": "11.9.4",
      "resolved": "https://registry.npmjs.org/@types/node/-/node-11.9.4.tgz",
      "integrity": "sha512-Zl8dGvAcEmadgs1tmSPcvwzO1YRsz38bVJQvH1RvRqSR9/5n61Q1ktcDL0ht3FXWR+ZpVmXVwN1LuH4Ax23NsA==",
      "dev": true
    },
    "@types/node-fetch": {
      "version": "2.1.6",
      "resolved": "https://registry.npmjs.org/@types/node-fetch/-/node-fetch-2.1.6.tgz",
      "integrity": "sha512-Hv1jgh3pfpUEl2F2mqUd1AfLSk1YbUCeBJFaP36t7esAO617dErqdxWb5cdG2NfJGOofkmBW36fdx0dVewxDRg==",
      "dev": true,
      "requires": {
        "@types/node": "*"
      }
    }
  }
}
