{
    "name": "@seagull/tslint",
    "version": "0.20.0",
    "lockfileVersion": 1,
    "requires": true,
    "dependencies": {
        "tslint-config-prettier": {
            "version": "1.15.0",
            "resolved": "http://urconc11.aida.de:8082/tslint-config-prettier/-/tslint-config-prettier-1.15.0/76b9714399004ab6831fdcf76d89b73691c812cf.tgz",
            "integrity": "sha512-06CgrHJxJmNYVgsmeMoa1KXzQRoOdvfkqnJth6XUkNeOz707qxN0WfxfhYwhL5kXHHbYJRby2bqAPKwThlZPhw=="
        }
    }
}
