{
	"name": "@seagull/services-http",
	"version": "12.0.0",
	"lockfileVersion": 1,
	"requires": true,
	"dependencies": {
		"@types/node-fetch": {
			"version": "2.5.0",
			"resolved": "https://registry.npmjs.org/@types/node-fetch/-/node-fetch-2.5.0.tgz",
			"integrity": "sha512-TLFRywthBgL68auWj+ziWu+vnmmcHCDFC/sqCOQf1xTz4hRq8cu79z8CtHU9lncExGBsB8fXA4TiLDLt6xvMzw==",
			"dev": true,
			"requires": {
				"@types/node": "*"
			},
			"dependencies": {
				"@types/node": {
					"version": "12.6.8",
					"resolved": "https://registry.npmjs.org/@types/node/-/node-12.6.8.tgz",
					"integrity": "sha512-aX+gFgA5GHcDi89KG5keey2zf0WfZk/HAQotEamsK2kbey+8yGKcson0hbK8E+v0NArlCJQCqMP161YhV6ZXLg==",
					"dev": true
				}
			}
		},
		"node-fetch": {
			"version": "2.6.0",
			"resolved": "https://registry.npmjs.org/node-fetch/-/node-fetch-2.6.0.tgz",
			"integrity": "sha512-8dG4H5ujfvFiqDmVu9fQ5bOHUC15JMjMY/Zumv26oOvvVJjM67KF8koCWIabKQ1GJIa9r2mMZscBq/TbdOcmNA=="
		}
	}
}
